
Microsoft Visual Studio Solution File, Format Version 12.00
# Visual Studio 15
VisualStudioVersion = 15.0.26730.12
MinimumVisualStudioVersion = 10.0.40219.1
Project("{FAE04EC0-301F-11D3-BF4B-00C04F79EFBC}") = "Bot Application1", "Bot Application1\Bot Application1.csproj", "{FBA962BB-186F-41C7-8399-2C55CA632804}"
EndProject
Global
	GlobalSection(SolutionConfigurationPlatforms) = preSolution
		Debug|Any CPU = Debug|Any CPU
		Release|Any CPU = Release|Any CPU
	EndGlobalSection
	GlobalSection(ProjectConfigurationPlatforms) = postSolution
		{FBA962BB-186F-41C7-8399-2C55CA632804}.Debug|Any CPU.ActiveCfg = Debug|Any CPU
		{FBA962BB-186F-41C7-8399-2C55CA632804}.Debug|Any CPU.Build.0 = Debug|Any CPU
		{FBA962BB-186F-41C7-8399-2C55CA632804}.Release|Any CPU.ActiveCfg = Release|Any CPU
		{FBA962BB-186F-41C7-8399-2C55CA632804}.Release|Any CPU.Build.0 = Release|Any CPU
	EndGlobalSection
	GlobalSection(SolutionProperties) = preSolution
		HideSolutionNode = FALSE
	EndGlobalSection
	GlobalSection(ExtensibilityGlobals) = postSolution
		SolutionGuid = {B58A02DD-ACFD-4B8C-A7ED-1601FCF7CDDF}
	EndGlobalSection
EndGlobal
